
Microsoft Visual Studio Solution File, Format Version 12.00
# Visual Studio Version 17
VisualStudioVersion = 17.14.36203.30 d17.14
MinimumVisualStudioVersion = 10.0.40219.1
Project("{FAE04EC0-301F-11D3-BF4B-00C04F79EFBC}") = "VehiculosAPI", "VehiculosAPI\VehiculosAPI.csproj", "{AEA238A3-BB8C-46A0-B486-4E9642265107}"
EndProject
Project("{FAE04EC0-301F-11D3-BF4B-00C04F79EFBC}") = "Vehiculos.Data", "Vehiculos.Data\Vehiculos.Data.csproj", "{FFC9B680-1CBE-4F4C-B6F5-8E8D81346AC6}"
EndProject
Project("{FAE04EC0-301F-11D3-BF4B-00C04F79EFBC}") = "Vehiculos.Domain", "Vehiculos.Domain\Vehiculos.Domain.csproj", "{B1DD9BE0-1189-4B55-8E56-226C0E4549A6}"
EndProject
Project("{FAE04EC0-301F-11D3-BF4B-00C04F79EFBC}") = "Vehiculos.Services", "Vehiculos.Services\Vehiculos.Services.csproj", "{42E5EFBE-9BCD-4652-B95E-9AF2D41787CD}"
EndProject
Project("{FAE04EC0-301F-11D3-BF4B-00C04F79EFBC}") = "Vehiculos.Abstractions", "Vehiculos.Abstractions\Vehiculos.Abstractions.csproj", "{645B4074-A7B8-4276-A2E3-703512C9F78C}"
EndProject
Global
	GlobalSection(SolutionConfigurationPlatforms) = preSolution
		Debug|Any CPU = Debug|Any CPU
		Release|Any CPU = Release|Any CPU
	EndGlobalSection
	GlobalSection(ProjectConfigurationPlatforms) = postSolution
		{AEA238A3-BB8C-46A0-B486-4E9642265107}.Debug|Any CPU.ActiveCfg = Debug|Any CPU
		{AEA238A3-BB8C-46A0-B486-4E9642265107}.Debug|Any CPU.Build.0 = Debug|Any CPU
		{AEA238A3-BB8C-46A0-B486-4E9642265107}.Release|Any CPU.ActiveCfg = Release|Any CPU
		{AEA238A3-BB8C-46A0-B486-4E9642265107}.Release|Any CPU.Build.0 = Release|Any CPU
		{FFC9B680-1CBE-4F4C-B6F5-8E8D81346AC6}.Debug|Any CPU.ActiveCfg = Debug|Any CPU
		{FFC9B680-1CBE-4F4C-B6F5-8E8D81346AC6}.Debug|Any CPU.Build.0 = Debug|Any CPU
		{FFC9B680-1CBE-4F4C-B6F5-8E8D81346AC6}.Release|Any CPU.ActiveCfg = Release|Any CPU
		{FFC9B680-1CBE-4F4C-B6F5-8E8D81346AC6}.Release|Any CPU.Build.0 = Release|Any CPU
		{B1DD9BE0-1189-4B55-8E56-226C0E4549A6}.Debug|Any CPU.ActiveCfg = Debug|Any CPU
		{B1DD9BE0-1189-4B55-8E56-226C0E4549A6}.Debug|Any CPU.Build.0 = Debug|Any CPU
		{B1DD9BE0-1189-4B55-8E56-226C0E4549A6}.Release|Any CPU.ActiveCfg = Release|Any CPU
		{B1DD9BE0-1189-4B55-8E56-226C0E4549A6}.Release|Any CPU.Build.0 = Release|Any CPU
		{42E5EFBE-9BCD-4652-B95E-9AF2D41787CD}.Debug|Any CPU.ActiveCfg = Debug|Any CPU
		{42E5EFBE-9BCD-4652-B95E-9AF2D41787CD}.Debug|Any CPU.Build.0 = Debug|Any CPU
		{42E5EFBE-9BCD-4652-B95E-9AF2D41787CD}.Release|Any CPU.ActiveCfg = Release|Any CPU
		{42E5EFBE-9BCD-4652-B95E-9AF2D41787CD}.Release|Any CPU.Build.0 = Release|Any CPU
		{645B4074-A7B8-4276-A2E3-703512C9F78C}.Debug|Any CPU.ActiveCfg = Debug|Any CPU
		{645B4074-A7B8-4276-A2E3-703512C9F78C}.Debug|Any CPU.Build.0 = Debug|Any CPU
		{645B4074-A7B8-4276-A2E3-703512C9F78C}.Release|Any CPU.ActiveCfg = Release|Any CPU
		{645B4074-A7B8-4276-A2E3-703512C9F78C}.Release|Any CPU.Build.0 = Release|Any CPU
	EndGlobalSection
	GlobalSection(SolutionProperties) = preSolution
		HideSolutionNode = FALSE
	EndGlobalSection
	GlobalSection(ExtensibilityGlobals) = postSolution
		SolutionGuid = {3A7E94B0-B457-46BF-834B-797A90C77F17}
	EndGlobalSection
EndGlobal
